
Microsoft Visual Studio Solution File, Format Version 12.00
# Visual Studio Version 16
VisualStudioVersion = 16.0.29009.5
MinimumVisualStudioVersion = 10.0.40219.1
Project("{FAE04EC0-301F-11D3-BF4B-00C04F79EFBC}") = "HelloWorld", "HelloWorld\HelloWorld.csproj", "{8EFB7967-0BE9-47A3-8533-3336823051B2}"
EndProject
Global
	GlobalSection(SolutionConfigurationPlatforms) = preSolution
		Debug|Any CPU = Debug|Any CPU
		Release|Any CPU = Release|Any CPU
	EndGlobalSection
	GlobalSection(ProjectConfigurationPlatforms) = postSolution
		{8EFB7967-0BE9-47A3-8533-3336823051B2}.Debug|Any CPU.ActiveCfg = Debug|Any CPU
		{8EFB7967-0BE9-47A3-8533-3336823051B2}.Debug|Any CPU.Build.0 = Debug|Any CPU
		{8EFB7967-0BE9-47A3-8533-3336823051B2}.Release|Any CPU.ActiveCfg = Release|Any CPU
		{8EFB7967-0BE9-47A3-8533-3336823051B2}.Release|Any CPU.Build.0 = Release|Any CPU
	EndGlobalSection
	GlobalSection(SolutionProperties) = preSolution
		HideSolutionNode = FALSE
	EndGlobalSection
	GlobalSection(ExtensibilityGlobals) = postSolution
		SolutionGuid = {73995064-6165-4310-82B8-1B250E25E057}
	EndGlobalSection
EndGlobal
